// !$*UTF8*$!
{
	archiveVersion = 1;
	classes = {
	};
	objectVersion = 50;
	objects = {

/* Begin PBXBuildFile section */
		00259E252591453B00F5FB9F /* AppDelegate.swift in Sources */ = {isa = PBXBuildFile; fileRef = 00259E242591453B00F5FB9F /* AppDelegate.swift */; };
		00259E272591453B00F5FB9F /* SceneDelegate.swift in Sources */ = {isa = PBXBuildFile; fileRef = 00259E262591453B00F5FB9F /* SceneDelegate.swift */; };
		00259E292591453B00F5FB9F /* ViewController.swift in Sources */ = {isa = PBXBuildFile; fileRef = 00259E282591453B00F5FB9F /* ViewController.swift */; };
		00259E2C2591453B00F5FB9F /* Main.storyboard in Resources */ = {isa = PBXBuildFile; fileRef = 00259E2A2591453B00F5FB9F /* Main.storyboard */; };
		00259E2E2591453E00F5FB9F /* Assets.xcassets in Resources */ = {isa = PBXBuildFile; fileRef = 00259E2D2591453E00F5FB9F /* Assets.xcassets */; };
		00259E312591453E00F5FB9F /* LaunchScreen.storyboard in Resources */ = {isa = PBXBuildFile; fileRef = 00259E2F2591453E00F5FB9F /* LaunchScreen.storyboard */; };
		00259E3B2591460000F5FB9F /* Person.swift in Sources */ = {isa = PBXBuildFile; fileRef = 00259E3A2591460000F5FB9F /* Person.swift */; };
		00259E3E2591468D00F5FB9F /* DataManager.swift in Sources */ = {isa = PBXBuildFile; fileRef = 00259E3D2591468D00F5FB9F /* DataManager.swift */; };
		00259E4D25914CAA00F5FB9F /* PersonViewController.swift in Sources */ = {isa = PBXBuildFile; fileRef = 00259E4C25914CAA00F5FB9F /* PersonViewController.swift */; };
/* End PBXBuildFile section */

/* Begin PBXFileReference section */
		00259E212591453B00F5FB9F /* Home work 2.7.app */ = {isa = PBXFileReference; explicitFileType = wrapper.application; includeInIndex = 0; path = "Home work 2.7.app"; sourceTree = BUILT_PRODUCTS_DIR; };
		00259E242591453B00F5FB9F /* AppDelegate.swift */ = {isa = PBXFileReference; lastKnownFileType = sourcecode.swift; path = AppDelegate.swift; sourceTree = "<group>"; };
		00259E262591453B00F5FB9F /* SceneDelegate.swift */ = {isa = PBXFileReference; lastKnownFileType = sourcecode.swift; path = SceneDelegate.swift; sourceTree = "<group>"; };
		00259E282591453B00F5FB9F /* ViewController.swift */ = {isa = PBXFileReference; lastKnownFileType = sourcecode.swift; path = ViewController.swift; sourceTree = "<group>"; };
		00259E2B2591453B00F5FB9F /* Base */ = {isa = PBXFileReference; lastKnownFileType = file.storyboard; name = Base; path = Base.lproj/Main.storyboard; sourceTree = "<group>"; };
		00259E2D2591453E00F5FB9F /* Assets.xcassets */ = {isa = PBXFileReference; lastKnownFileType = folder.assetcatalog; path = Assets.xcassets; sourceTree = "<group>"; };
		00259E302591453E00F5FB9F /* Base */ = {isa = PBXFileReference; lastKnownFileType = file.storyboard; name = Base; path = Base.lproj/LaunchScreen.storyboard; sourceTree = "<group>"; };
		00259E322591453E00F5FB9F /* Info.plist */ = {isa = PBXFileReference; lastKnownFileType = text.plist.xml; path = Info.plist; sourceTree = "<group>"; };
		00259E3A2591460000F5FB9F /* Person.swift */ = {isa = PBXFileReference; lastKnownFileType = sourcecode.swift; path = Person.swift; sourceTree = "<group>"; };
		00259E3D2591468D00F5FB9F /* DataManager.swift */ = {isa = PBXFileReference; lastKnownFileType = sourcecode.swift; path = DataManager.swift; sourceTree = "<group>"; };
		00259E4C25914CAA00F5FB9F /* PersonViewController.swift */ = {isa = PBXFileReference; lastKnownFileType = sourcecode.swift; path = PersonViewController.swift; sourceTree = "<group>"; };
/* End PBXFileReference section */

/* Begin PBXFrameworksBuildPhase section */
		00259E1E2591453B00F5FB9F /* Frameworks */ = {
			isa = PBXFrameworksBuildPhase;
			buildActionMask = 2147483647;
			files = (
			);
			runOnlyForDeploymentPostprocessing = 0;
		};
/* End PBXFrameworksBuildPhase section */

/* Begin PBXGroup section */
		00259E182591453B00F5FB9F = {
			isa = PBXGroup;
			children = (
				00259E232591453B00F5FB9F /* Home work 2.7 */,
				00259E222591453B00F5FB9F /* Products */,
			);
			sourceTree = "<group>";
		};
		00259E222591453B00F5FB9F /* Products */ = {
			isa = PBXGroup;
			children = (
				00259E212591453B00F5FB9F /* Home work 2.7.app */,
			);
			name = Products;
			sourceTree = "<group>";
		};
		00259E232591453B00F5FB9F /* Home work 2.7 */ = {
			isa = PBXGroup;
			children = (
				00259E47259147B100F5FB9F /* Supporting Files */,
				00259E412591477800F5FB9F /* ViewControllers */,
				00259E402591476700F5FB9F /* Storyboard */,
				00259E432591479000F5FB9F /* Models */,
				00259E452591479A00F5FB9F /* Data */,
			);
			path = "Home work 2.7";
			sourceTree = "<group>";
		};
		00259E402591476700F5FB9F /* Storyboard */ = {
			isa = PBXGroup;
			children = (
				00259E2A2591453B00F5FB9F /* Main.storyboard */,
				00259E2F2591453E00F5FB9F /* LaunchScreen.storyboard */,
			);
			path = Storyboard;
			sourceTree = "<group>";
		};
		00259E412591477800F5FB9F /* ViewControllers */ = {
			isa = PBXGroup;
			children = (
				00259E4C25914CAA00F5FB9F /* PersonViewController.swift */,
				00259E282591453B00F5FB9F /* ViewController.swift */,
			);
			path = ViewControllers;
			sourceTree = "<group>";
		};
		00259E432591479000F5FB9F /* Models */ = {
			isa = PBXGroup;
			children = (
				00259E3A2591460000F5FB9F /* Person.swift */,
			);
			path = Models;
			sourceTree = "<group>";
		};
		00259E452591479A00F5FB9F /* Data */ = {
			isa = PBXGroup;
			children = (
				00259E3D2591468D00F5FB9F /* DataManager.swift */,
			);
			path = Data;
			sourceTree = "<group>";
		};
		00259E47259147B100F5FB9F /* Supporting Files */ = {
			isa = PBXGroup;
			children = (
				00259E322591453E00F5FB9F /* Info.plist */,
				00259E2D2591453E00F5FB9F /* Assets.xcassets */,
				00259E242591453B00F5FB9F /* AppDelegate.swift */,
				00259E262591453B00F5FB9F /* SceneDelegate.swift */,
			);
			path = "Supporting Files";
			sourceTree = "<group>";
		};
/* End PBXGroup section */

/* Begin PBXNativeTarget section */
		00259E202591453B00F5FB9F /* Home work 2.7 */ = {
			isa = PBXNativeTarget;
			buildConfigurationList = 00259E352591453E00F5FB9F /* Build configuration list for PBXNativeTarget "Home work 2.7" */;
			buildPhases = (
				00259E1D2591453B00F5FB9F /* Sources */,
				00259E1E2591453B00F5FB9F /* Frameworks */,
				00259E1F2591453B00F5FB9F /* Resources */,
			);
			buildRules = (
			);
			dependencies = (
			);
			name = "Home work 2.7";
			productName = "Home work 2.7";
			productReference = 00259E212591453B00F5FB9F /* Home work 2.7.app */;
			productType = "com.apple.product-type.application";
		};
/* End PBXNativeTarget section */

/* Begin PBXProject section */
		00259E192591453B00F5FB9F /* Project object */ = {
			isa = PBXProject;
			attributes = {
				LastSwiftUpdateCheck = 1220;
				LastUpgradeCheck = 1220;
				TargetAttributes = {
					00259E202591453B00F5FB9F = {
						CreatedOnToolsVersion = 12.2;
					};
				};
			};
			buildConfigurationList = 00259E1C2591453B00F5FB9F /* Build configuration list for PBXProject "Home work 2.7" */;
			compatibilityVersion = "Xcode 9.3";
			developmentRegion = en;
			hasScannedForEncodings = 0;
			knownRegions = (
				en,
				Base,
			);
			mainGroup = 00259E182591453B00F5FB9F;
			productRefGroup = 00259E222591453B00F5FB9F /* Products */;
			projectDirPath = "";
			projectRoot = "";
			targets = (
				00259E202591453B00F5FB9F /* Home work 2.7 */,
			);
		};
/* End PBXProject section */

/* Begin PBXResourcesBuildPhase section */
		00259E1F2591453B00F5FB9F /* Resources */ = {
			isa = PBXResourcesBuildPhase;
			buildActionMask = 2147483647;
			files = (
				00259E312591453E00F5FB9F /* LaunchScreen.storyboard in Resources */,
				00259E2E2591453E00F5FB9F /* Assets.xcassets in Resources */,
				00259E2C2591453B00F5FB9F /* Main.storyboard in Resources */,
			);
			runOnlyForDeploymentPostprocessing = 0;
		};
/* End PBXResourcesBuildPhase section */

/* Begin PBXSourcesBuildPhase section */
		00259E1D2591453B00F5FB9F /* Sources */ = {
			isa = PBXSourcesBuildPhase;
			buildActionMask = 2147483647;
			files = (
				00259E3B2591460000F5FB9F /* Person.swift in Sources */,
				00259E4D25914CAA00F5FB9F /* PersonViewController.swift in Sources */,
				00259E3E2591468D00F5FB9F /* DataManager.swift in Sources */,
				00259E292591453B00F5FB9F /* ViewController.swift in Sources */,
				00259E252591453B00F5FB9F /* AppDelegate.swift in Sources */,
				00259E272591453B00F5FB9F /* SceneDelegate.swift in Sources */,
			);
			runOnlyForDeploymentPostprocessing = 0;
		};
/* End PBXSourcesBuildPhase section */

/* Begin PBXVariantGroup section */
		00259E2A2591453B00F5FB9F /* Main.storyboard */ = {
			isa = PBXVariantGroup;
			children = (
				00259E2B2591453B00F5FB9F /* Base */,
			);
			name = Main.storyboard;
			sourceTree = "<group>";
		};
		00259E2F2591453E00F5FB9F /* LaunchScreen.storyboard */ = {
			isa = PBXVariantGroup;
			children = (
				00259E302591453E00F5FB9F /* Base */,
			);
			name = LaunchScreen.storyboard;
			sourceTree = "<group>";
		};
/* End PBXVariantGroup section */

/* Begin XCBuildConfiguration section */
		00259E332591453E00F5FB9F /* Debug */ = {
			isa = XCBuildConfiguration;
			buildSettings = {
				ALWAYS_SEARCH_USER_PATHS = NO;
				CLANG_ANALYZER_NONNULL = YES;
				CLANG_ANALYZER_NUMBER_OBJECT_CONVERSION = YES_AGGRESSIVE;
				CLANG_CXX_LANGUAGE_STANDARD = "gnu++14";
				CLANG_CXX_LIBRARY = "libc++";
				CLANG_ENABLE_MODULES = YES;
				CLANG_ENABLE_OBJC_ARC = YES;
				CLANG_ENABLE_OBJC_WEAK = YES;
				CLANG_WARN_BLOCK_CAPTURE_AUTORELEASING = YES;
				CLANG_WARN_BOOL_CONVERSION = YES;
				CLANG_WARN_COMMA = YES;
				CLANG_WARN_CONSTANT_CONVERSION = YES;
				CLANG_WARN_DEPRECATED_OBJC_IMPLEMENTATIONS = YES;
				CLANG_WARN_DIRECT_OBJC_ISA_USAGE = YES_ERROR;
				CLANG_WARN_DOCUMENTATION_COMMENTS = YES;
				CLANG_WARN_EMPTY_BODY = YES;
				CLANG_WARN_ENUM_CONVERSION = YES;
				CLANG_WARN_INFINITE_RECURSION = YES;
				CLANG_WARN_INT_CONVERSION = YES;
				CLANG_WARN_NON_LITERAL_NULL_CONVERSION = YES;
				CLANG_WARN_OBJC_IMPLICIT_RETAIN_SELF = YES;
				CLANG_WARN_OBJC_LITERAL_CONVERSION = YES;
				CLANG_WARN_OBJC_ROOT_CLASS = YES_ERROR;
				CLANG_WARN_QUOTED_INCLUDE_IN_FRAMEWORK_HEADER = YES;
				CLANG_WARN_RANGE_LOOP_ANALYSIS = YES;
				CLANG_WARN_STRICT_PROTOTYPES = YES;
				CLANG_WARN_SUSPICIOUS_MOVE = YES;
				CLANG_WARN_UNGUARDED_AVAILABILITY = YES_AGGRESSIVE;
				CLANG_WARN_UNREACHABLE_CODE = YES;
				CLANG_WARN__DUPLICATE_METHOD_MATCH = YES;
				COPY_PHASE_STRIP = NO;
				DEBUG_INFORMATION_FORMAT = dwarf;
				ENABLE_STRICT_OBJC_MSGSEND = YES;
				ENABLE_TESTABILITY = YES;
				GCC_C_LANGUAGE_STANDARD = gnu11;
				GCC_DYNAMIC_NO_PIC = NO;
				GCC_NO_COMMON_BLOCKS = YES;
				GCC_OPTIMIZATION_LEVEL = 0;
				GCC_PREPROCESSOR_DEFINITIONS = (
					"DEBUG=1",
					"$(inherited)",
				);
				GCC_WARN_64_TO_32_BIT_CONVERSION = YES;
				GCC_WARN_ABOUT_RETURN_TYPE = YES_ERROR;
				GCC_WARN_UNDECLARED_SELECTOR = YES;
				GCC_WARN_UNINITIALIZED_AUTOS = YES_AGGRESSIVE;
				GCC_WARN_UNUSED_FUNCTION = YES;
				GCC_WARN_UNUSED_VARIABLE = YES;
				IPHONEOS_DEPLOYMENT_TARGET = 14.2;
				MTL_ENABLE_DEBUG_INFO = INCLUDE_SOURCE;
				MTL_FAST_MATH = YES;
				ONLY_ACTIVE_ARCH = YES;
				SDKROOT = iphoneos;
				SWIFT_ACTIVE_COMPILATION_CONDITIONS = DEBUG;
				SWIFT_OPTIMIZATION_LEVEL = "-Onone";
			};
			name = Debug;
		};
		00259E342591453E00F5FB9F /* Release */ = {
			isa = XCBuildConfiguration;
			buildSettings = {
				ALWAYS_SEARCH_USER_PATHS = NO;
				CLANG_ANALYZER_NONNULL = YES;
				CLANG_ANALYZER_NUMBER_OBJECT_CONVERSION = YES_AGGRESSIVE;
				CLANG_CXX_LANGUAGE_STANDARD = "gnu++14";
				CLANG_CXX_LIBRARY = "libc++";
				CLANG_ENABLE_MODULES = YES;
				CLANG_ENABLE_OBJC_ARC = YES;
				CLANG_ENABLE_OBJC_WEAK = YES;
				CLANG_WARN_BLOCK_CAPTURE_AUTORELEASING = YES;
				CLANG_WARN_BOOL_CONVERSION = YES;
				CLANG_WARN_COMMA = YES;
				CLANG_WARN_CONSTANT_CONVERSION = YES;
				CLANG_WARN_DEPRECATED_OBJC_IMPLEMENTATIONS = YES;
				CLANG_WARN_DIRECT_OBJC_ISA_USAGE = YES_ERROR;
				CLANG_WARN_DOCUMENTATION_COMMENTS = YES;
				CLANG_WARN_EMPTY_BODY = YES;
				CLANG_WARN_ENUM_CONVERSION = YES;
				CLANG_WARN_INFINITE_RECURSION = YES;
				CLANG_WARN_INT_CONVERSION = YES;
				CLANG_WARN_NON_LITERAL_NULL_CONVERSION = YES;
				CLANG_WARN_OBJC_IMPLICIT_RETAIN_SELF = YES;
				CLANG_WARN_OBJC_LITERAL_CONVERSION = YES;
				CLANG_WARN_OBJC_ROOT_CLASS = YES_ERROR;
				CLANG_WARN_QUOTED_INCLUDE_IN_FRAMEWORK_HEADER = YES;
				CLANG_WARN_RANGE_LOOP_ANALYSIS = YES;
				CLANG_WARN_STRICT_PROTOTYPES = YES;
				CLANG_WARN_SUSPICIOUS_MOVE = YES;
				CLANG_WARN_UNGUARDED_AVAILABILITY = YES_AGGRESSIVE;
				CLANG_WARN_UNREACHABLE_CODE = YES;
				CLANG_WARN__DUPLICATE_METHOD_MATCH = YES;
				COPY_PHASE_STRIP = NO;
				DEBUG_INFORMATION_FORMAT = "dwarf-with-dsym";
				ENABLE_NS_ASSERTIONS = NO;
				ENABLE_STRICT_OBJC_MSGSEND = YES;
				GCC_C_LANGUAGE_STANDARD = gnu11;
				GCC_NO_COMMON_BLOCKS = YES;
				GCC_WARN_64_TO_32_BIT_CONVERSION = YES;
				GCC_WARN_ABOUT_RETURN_TYPE = YES_ERROR;
				GCC_WARN_UNDECLARED_SELECTOR = YES;
				GCC_WARN_UNINITIALIZED_AUTOS = YES_AGGRESSIVE;
				GCC_WARN_UNUSED_FUNCTION = YES;
				GCC_WARN_UNUSED_VARIABLE = YES;
				IPHONEOS_DEPLOYMENT_TARGET = 14.2;
				MTL_ENABLE_DEBUG_INFO = NO;
				MTL_FAST_MATH = YES;
				SDKROOT = iphoneos;
				SWIFT_COMPILATION_MODE = wholemodule;
				SWIFT_OPTIMIZATION_LEVEL = "-O";
				VALIDATE_PRODUCT = YES;
			};
			name = Release;
		};
		00259E362591453E00F5FB9F /* Debug */ = {
			isa = XCBuildConfiguration;
			buildSettings = {
				ASSETCATALOG_COMPILER_APPICON_NAME = AppIcon;
				ASSETCATALOG_COMPILER_GLOBAL_ACCENT_COLOR_NAME = AccentColor;
				CODE_SIGN_STYLE = Automatic;
				DEVELOPMENT_TEAM = 88KRW3HF29;
				INFOPLIST_FILE = "Home work 2.7/Supporting Files/Info.plist";
				IPHONEOS_DEPLOYMENT_TARGET = 12.0;
				LD_RUNPATH_SEARCH_PATHS = (
					"$(inherited)",
					"@executable_path/Frameworks",
				);
				PRODUCT_BUNDLE_IDENTIFIER = "ru.philanthropist.Home-work-2-7";
				PRODUCT_NAME = "$(TARGET_NAME)";
				SWIFT_VERSION = 5.0;
				TARGETED_DEVICE_FAMILY = "1,2";
			};
			name = Debug;
		};
		00259E372591453E00F5FB9F /* Release */ = {
			isa = XCBuildConfiguration;
			buildSettings = {
				ASSETCATALOG_COMPILER_APPICON_NAME = AppIcon;
				ASSETCATALOG_COMPILER_GLOBAL_ACCENT_COLOR_NAME = AccentColor;
				CODE_SIGN_STYLE = Automatic;
				DEVELOPMENT_TEAM = 88KRW3HF29;
				INFOPLIST_FILE = "Home work 2.7/Supporting Files/Info.plist";
				IPHONEOS_DEPLOYMENT_TARGET = 12.0;
				LD_RUNPATH_SEARCH_PATHS = (
					"$(inherited)",
					"@executable_path/Frameworks",
				);
				PRODUCT_BUNDLE_IDENTIFIER = "ru.philanthropist.Home-work-2-7";
				PRODUCT_NAME = "$(TARGET_NAME)";
				SWIFT_VERSION = 5.0;
				TARGETED_DEVICE_FAMILY = "1,2";
			};
			name = Release;
		};
/* End XCBuildConfiguration section */

/* Begin XCConfigurationList section */
		00259E1C2591453B00F5FB9F /* Build configuration list for PBXProject "Home work 2.7" */ = {
			isa = XCConfigurationList;
			buildConfigurations = (
				00259E332591453E00F5FB9F /* Debug */,
				00259E342591453E00F5FB9F /* Release */,
			);
			defaultConfigurationIsVisible = 0;
			defaultConfigurationName = Release;
		};
		00259E352591453E00F5FB9F /* Build configuration list for PBXNativeTarget "Home work 2.7" */ = {
			isa = XCConfigurationList;
			buildConfigurations = (
				00259E362591453E00F5FB9F /* Debug */,
				00259E372591453E00F5FB9F /* Release */,
			);
			defaultConfigurationIsVisible = 0;
			defaultConfigurationName = Release;
		};
/* End XCConfigurationList section */
	};
	rootObject = 00259E192591453B00F5FB9F /* Project object */;
}
